// !$*UTF8*$!
{
	archiveVersion = 1;
	classes = {
	};
	objectVersion = 46;
	objects = {

/* Begin PBXBuildFile section */
		A24E9F911AA5539200C63583 /* main.m in Sources */ = {isa = PBXBuildFile; fileRef = A24E9F901AA5539200C63583 /* main.m */; };
		A24E9F941AA5539200C63583 /* AppDelegate.m in Sources */ = {isa = PBXBuildFile; fileRef = A24E9F931AA5539200C63583 /* AppDelegate.m */; };
		A24E9F9C1AA5539200C63583 /* Images.xcassets in Resources */ = {isa = PBXBuildFile; fileRef = A24E9F9B1AA5539200C63583 /* Images.xcassets */; };
		A24E9F9F1AA5539200C63583 /* LaunchScreen.xib in Resources */ = {isa = PBXBuildFile; fileRef = A24E9F9D1AA5539200C63583 /* LaunchScreen.xib */; };
		A24E9FAB1AA5539200C63583 /* YouZhiTests.m in Sources */ = {isa = PBXBuildFile; fileRef = A24E9FAA1AA5539200C63583 /* YouZhiTests.m */; };
		A24E9FB51AA5548700C63583 /* README.md in Sources */ = {isa = PBXBuildFile; fileRef = A24E9FB41AA5548700C63583 /* README.md */; };
		A24E9FBD1AA558C700C63583 /* HomeViewController.m in Sources */ = {isa = PBXBuildFile; fileRef = A24E9FBC1AA558C700C63583 /* HomeViewController.m */; };
		A24E9FBF1AA558D800C63583 /* Home.storyboard in Resources */ = {isa = PBXBuildFile; fileRef = A24E9FBE1AA558D800C63583 /* Home.storyboard */; };
		A24E9FC41AA55BBC00C63583 /* BaseViewController.m in Sources */ = {isa = PBXBuildFile; fileRef = A24E9FC21AA55BBC00C63583 /* BaseViewController.m */; };
		A24E9FD41AA5717C00C63583 /* KissAssVC.m in Sources */ = {isa = PBXBuildFile; fileRef = A24E9FD21AA5717C00C63583 /* KissAssVC.m */; };
		A24E9FD51AA5717C00C63583 /* KissAssVC.xib in Resources */ = {isa = PBXBuildFile; fileRef = A24E9FD31AA5717C00C63583 /* KissAssVC.xib */; };
		A24E9FE21AA5A81F00C63583 /* Common.m in Sources */ = {isa = PBXBuildFile; fileRef = A24E9FE11AA5A81F00C63583 /* Common.m */; };
		A24E9FE71AA5A86D00C63583 /* WoDiVC.m in Sources */ = {isa = PBXBuildFile; fileRef = A24E9FE51AA5A86D00C63583 /* WoDiVC.m */; };
		A24E9FE81AA5A86D00C63583 /* WoDiVC.xib in Resources */ = {isa = PBXBuildFile; fileRef = A24E9FE61AA5A86D00C63583 /* WoDiVC.xib */; };
/* End PBXBuildFile section */

/* Begin PBXContainerItemProxy section */
		A24E9FA51AA5539200C63583 /* PBXContainerItemProxy */ = {
			isa = PBXContainerItemProxy;
			containerPortal = A24E9F831AA5539200C63583 /* Project object */;
			proxyType = 1;
			remoteGlobalIDString = A24E9F8A1AA5539200C63583;
			remoteInfo = YouZhi;
		};
/* End PBXContainerItemProxy section */

/* Begin PBXFileReference section */
		A24E9F8B1AA5539200C63583 /* YouZhi.app */ = {isa = PBXFileReference; explicitFileType = wrapper.application; includeInIndex = 0; path = YouZhi.app; sourceTree = BUILT_PRODUCTS_DIR; };
		A24E9F8F1AA5539200C63583 /* Info.plist */ = {isa = PBXFileReference; lastKnownFileType = text.plist.xml; path = Info.plist; sourceTree = "<group>"; };
		A24E9F901AA5539200C63583 /* main.m */ = {isa = PBXFileReference; lastKnownFileType = sourcecode.c.objc; path = main.m; sourceTree = "<group>"; };
		A24E9F921AA5539200C63583 /* AppDelegate.h */ = {isa = PBXFileReference; lastKnownFileType = sourcecode.c.h; path = AppDelegate.h; sourceTree = "<group>"; };
		A24E9F931AA5539200C63583 /* AppDelegate.m */ = {isa = PBXFileReference; lastKnownFileType = sourcecode.c.objc; path = AppDelegate.m; sourceTree = "<group>"; };
		A24E9F9B1AA5539200C63583 /* Images.xcassets */ = {isa = PBXFileReference; lastKnownFileType = folder.assetcatalog; path = Images.xcassets; sourceTree = "<group>"; };
		A24E9F9E1AA5539200C63583 /* Base */ = {isa = PBXFileReference; lastKnownFileType = file.xib; name = Base; path = Base.lproj/LaunchScreen.xib; sourceTree = "<group>"; };
		A24E9FA41AA5539200C63583 /* YouZhiTests.xctest */ = {isa = PBXFileReference; explicitFileType = wrapper.cfbundle; includeInIndex = 0; path = YouZhiTests.xctest; sourceTree = BUILT_PRODUCTS_DIR; };
		A24E9FA91AA5539200C63583 /* Info.plist */ = {isa = PBXFileReference; lastKnownFileType = text.plist.xml; path = Info.plist; sourceTree = "<group>"; };
		A24E9FAA1AA5539200C63583 /* YouZhiTests.m */ = {isa = PBXFileReference; lastKnownFileType = sourcecode.c.objc; path = YouZhiTests.m; sourceTree = "<group>"; };
		A24E9FB41AA5548700C63583 /* README.md */ = {isa = PBXFileReference; fileEncoding = 4; lastKnownFileType = net.daringfireball.markdown; path = README.md; sourceTree = "<group>"; };
		A24E9FBB1AA558C700C63583 /* HomeViewController.h */ = {isa = PBXFileReference; fileEncoding = 4; lastKnownFileType = sourcecode.c.h; path = HomeViewController.h; sourceTree = "<group>"; };
		A24E9FBC1AA558C700C63583 /* HomeViewController.m */ = {isa = PBXFileReference; fileEncoding = 4; lastKnownFileType = sourcecode.c.objc; path = HomeViewController.m; sourceTree = "<group>"; };
		A24E9FBE1AA558D800C63583 /* Home.storyboard */ = {isa = PBXFileReference; fileEncoding = 4; lastKnownFileType = file.storyboard; path = Home.storyboard; sourceTree = "<group>"; };
		A24E9FC11AA55BBC00C63583 /* BaseViewController.h */ = {isa = PBXFileReference; fileEncoding = 4; lastKnownFileType = sourcecode.c.h; path = BaseViewController.h; sourceTree = "<group>"; };
		A24E9FC21AA55BBC00C63583 /* BaseViewController.m */ = {isa = PBXFileReference; fileEncoding = 4; lastKnownFileType = sourcecode.c.objc; path = BaseViewController.m; sourceTree = "<group>"; };
		A24E9FD11AA5717C00C63583 /* KissAssVC.h */ = {isa = PBXFileReference; fileEncoding = 4; lastKnownFileType = sourcecode.c.h; path = KissAssVC.h; sourceTree = "<group>"; };
		A24E9FD21AA5717C00C63583 /* KissAssVC.m */ = {isa = PBXFileReference; fileEncoding = 4; lastKnownFileType = sourcecode.c.objc; path = KissAssVC.m; sourceTree = "<group>"; };
		A24E9FD31AA5717C00C63583 /* KissAssVC.xib */ = {isa = PBXFileReference; fileEncoding = 4; lastKnownFileType = file.xib; path = KissAssVC.xib; sourceTree = "<group>"; };
		A24E9FE01AA5A81F00C63583 /* Common.h */ = {isa = PBXFileReference; fileEncoding = 4; lastKnownFileType = sourcecode.c.h; path = Common.h; sourceTree = "<group>"; };
		A24E9FE11AA5A81F00C63583 /* Common.m */ = {isa = PBXFileReference; fileEncoding = 4; lastKnownFileType = sourcecode.c.objc; path = Common.m; sourceTree = "<group>"; };
		A24E9FE41AA5A86D00C63583 /* WoDiVC.h */ = {isa = PBXFileReference; fileEncoding = 4; lastKnownFileType = sourcecode.c.h; path = WoDiVC.h; sourceTree = "<group>"; };
		A24E9FE51AA5A86D00C63583 /* WoDiVC.m */ = {isa = PBXFileReference; fileEncoding = 4; lastKnownFileType = sourcecode.c.objc; path = WoDiVC.m; sourceTree = "<group>"; };
		A24E9FE61AA5A86D00C63583 /* WoDiVC.xib */ = {isa = PBXFileReference; fileEncoding = 4; lastKnownFileType = file.xib; path = WoDiVC.xib; sourceTree = "<group>"; };
		A24E9FE91AA5ABA500C63583 /* macro.h */ = {isa = PBXFileReference; lastKnownFileType = sourcecode.c.h; path = macro.h; sourceTree = "<group>"; };
/* End PBXFileReference section */

/* Begin PBXFrameworksBuildPhase section */
		A24E9F881AA5539200C63583 /* Frameworks */ = {
			isa = PBXFrameworksBuildPhase;
			buildActionMask = 2147483647;
			files = (
			);
			runOnlyForDeploymentPostprocessing = 0;
		};
		A24E9FA11AA5539200C63583 /* Frameworks */ = {
			isa = PBXFrameworksBuildPhase;
			buildActionMask = 2147483647;
			files = (
			);
			runOnlyForDeploymentPostprocessing = 0;
		};
/* End PBXFrameworksBuildPhase section */

/* Begin PBXGroup section */
		A24E9F821AA5539200C63583 = {
			isa = PBXGroup;
			children = (
				A24E9FB41AA5548700C63583 /* README.md */,
				A24E9F8D1AA5539200C63583 /* YouZhi */,
				A24E9FA71AA5539200C63583 /* YouZhiTests */,
				A24E9F8C1AA5539200C63583 /* Products */,
			);
			sourceTree = "<group>";
		};
		A24E9F8C1AA5539200C63583 /* Products */ = {
			isa = PBXGroup;
			children = (
				A24E9F8B1AA5539200C63583 /* YouZhi.app */,
				A24E9FA41AA5539200C63583 /* YouZhiTests.xctest */,
			);
			name = Products;
			sourceTree = "<group>";
		};
		A24E9F8D1AA5539200C63583 /* YouZhi */ = {
			isa = PBXGroup;
			children = (
				A24E9FDE1AA5A81F00C63583 /* Lib */,
				A24E9FB61AA554B400C63583 /* Other */,
				A24E9FB71AA554B400C63583 /* Problem */,
				A24E9FB81AA554B400C63583 /* Project */,
				A24E9FB91AA554B400C63583 /* Resource */,
				A24E9F921AA5539200C63583 /* AppDelegate.h */,
				A24E9F931AA5539200C63583 /* AppDelegate.m */,
				A24E9FE91AA5ABA500C63583 /* macro.h */,
				A24E9F9B1AA5539200C63583 /* Images.xcassets */,
				A24E9F9D1AA5539200C63583 /* LaunchScreen.xib */,
				A24E9F8E1AA5539200C63583 /* Supporting Files */,
			);
			path = YouZhi;
			sourceTree = "<group>";
		};
		A24E9F8E1AA5539200C63583 /* Supporting Files */ = {
			isa = PBXGroup;
			children = (
				A24E9F8F1AA5539200C63583 /* Info.plist */,
				A24E9F901AA5539200C63583 /* main.m */,
			);
			name = "Supporting Files";
			sourceTree = "<group>";
		};
		A24E9FA71AA5539200C63583 /* YouZhiTests */ = {
			isa = PBXGroup;
			children = (
				A24E9FAA1AA5539200C63583 /* YouZhiTests.m */,
				A24E9FA81AA5539200C63583 /* Supporting Files */,
			);
			path = YouZhiTests;
			sourceTree = "<group>";
		};
		A24E9FA81AA5539200C63583 /* Supporting Files */ = {
			isa = PBXGroup;
			children = (
				A24E9FA91AA5539200C63583 /* Info.plist */,
			);
			name = "Supporting Files";
			sourceTree = "<group>";
		};
		A24E9FB61AA554B400C63583 /* Other */ = {
			isa = PBXGroup;
			children = (
			);
			path = Other;
			sourceTree = "<group>";
		};
		A24E9FB71AA554B400C63583 /* Problem */ = {
			isa = PBXGroup;
			children = (
			);
			path = Problem;
			sourceTree = "<group>";
		};
		A24E9FB81AA554B400C63583 /* Project */ = {
			isa = PBXGroup;
			children = (
				A24E9FE31AA5A84300C63583 /* WoDi */,
				A24E9FD01AA56AF200C63583 /* KissAss */,
				A24E9FC01AA55BAE00C63583 /* Base */,
				A24E9FBA1AA558B100C63583 /* Home */,
			);
			path = Project;
			sourceTree = "<group>";
		};
		A24E9FB91AA554B400C63583 /* Resource */ = {
			isa = PBXGroup;
			children = (
			);
			path = Resource;
			sourceTree = "<group>";
		};
		A24E9FBA1AA558B100C63583 /* Home */ = {
			isa = PBXGroup;
			children = (
				A24E9FBB1AA558C700C63583 /* HomeViewController.h */,
				A24E9FBC1AA558C700C63583 /* HomeViewController.m */,
				A24E9FBE1AA558D800C63583 /* Home.storyboard */,
			);
			path = Home;
			sourceTree = "<group>";
		};
		A24E9FC01AA55BAE00C63583 /* Base */ = {
			isa = PBXGroup;
			children = (
				A24E9FC11AA55BBC00C63583 /* BaseViewController.h */,
				A24E9FC21AA55BBC00C63583 /* BaseViewController.m */,
			);
			path = Base;
			sourceTree = "<group>";
		};
		A24E9FD01AA56AF200C63583 /* KissAss */ = {
			isa = PBXGroup;
			children = (
				A24E9FD11AA5717C00C63583 /* KissAssVC.h */,
				A24E9FD21AA5717C00C63583 /* KissAssVC.m */,
				A24E9FD31AA5717C00C63583 /* KissAssVC.xib */,
			);
			path = KissAss;
			sourceTree = "<group>";
		};
		A24E9FDE1AA5A81F00C63583 /* Lib */ = {
			isa = PBXGroup;
			children = (
				A24E9FDF1AA5A81F00C63583 /* Common */,
			);
			path = Lib;
			sourceTree = "<group>";
		};
		A24E9FDF1AA5A81F00C63583 /* Common */ = {
			isa = PBXGroup;
			children = (
				A24E9FE01AA5A81F00C63583 /* Common.h */,
				A24E9FE11AA5A81F00C63583 /* Common.m */,
			);
			path = Common;
			sourceTree = "<group>";
		};
		A24E9FE31AA5A84300C63583 /* WoDi */ = {
			isa = PBXGroup;
			children = (
				A24E9FE41AA5A86D00C63583 /* WoDiVC.h */,
				A24E9FE51AA5A86D00C63583 /* WoDiVC.m */,
				A24E9FE61AA5A86D00C63583 /* WoDiVC.xib */,
			);
			path = WoDi;
			sourceTree = "<group>";
		};
/* End PBXGroup section */

/* Begin PBXNativeTarget section */
		A24E9F8A1AA5539200C63583 /* YouZhi */ = {
			isa = PBXNativeTarget;
			buildConfigurationList = A24E9FAE1AA5539200C63583 /* Build configuration list for PBXNativeTarget "YouZhi" */;
			buildPhases = (
				A24E9F871AA5539200C63583 /* Sources */,
				A24E9F881AA5539200C63583 /* Frameworks */,
				A24E9F891AA5539200C63583 /* Resources */,
			);
			buildRules = (
			);
			dependencies = (
			);
			name = YouZhi;
			productName = YouZhi;
			productReference = A24E9F8B1AA5539200C63583 /* YouZhi.app */;
			productType = "com.apple.product-type.application";
		};
		A24E9FA31AA5539200C63583 /* YouZhiTests */ = {
			isa = PBXNativeTarget;
			buildConfigurationList = A24E9FB11AA5539200C63583 /* Build configuration list for PBXNativeTarget "YouZhiTests" */;
			buildPhases = (
				A24E9FA01AA5539200C63583 /* Sources */,
				A24E9FA11AA5539200C63583 /* Frameworks */,
				A24E9FA21AA5539200C63583 /* Resources */,
			);
			buildRules = (
			);
			dependencies = (
				A24E9FA61AA5539200C63583 /* PBXTargetDependency */,
			);
			name = YouZhiTests;
			productName = YouZhiTests;
			productReference = A24E9FA41AA5539200C63583 /* YouZhiTests.xctest */;
			productType = "com.apple.product-type.bundle.unit-test";
		};
/* End PBXNativeTarget section */

/* Begin PBXProject section */
		A24E9F831AA5539200C63583 /* Project object */ = {
			isa = PBXProject;
			attributes = {
				LastUpgradeCheck = 0610;
				ORGANIZATIONNAME = com.roroge;
				TargetAttributes = {
					A24E9F8A1AA5539200C63583 = {
						CreatedOnToolsVersion = 6.1.1;
					};
					A24E9FA31AA5539200C63583 = {
						CreatedOnToolsVersion = 6.1.1;
						TestTargetID = A24E9F8A1AA5539200C63583;
					};
				};
			};
			buildConfigurationList = A24E9F861AA5539200C63583 /* Build configuration list for PBXProject "YouZhi" */;
			compatibilityVersion = "Xcode 3.2";
			developmentRegion = English;
			hasScannedForEncodings = 0;
			knownRegions = (
				en,
				Base,
			);
			mainGroup = A24E9F821AA5539200C63583;
			productRefGroup = A24E9F8C1AA5539200C63583 /* Products */;
			projectDirPath = "";
			projectRoot = "";
			targets = (
				A24E9F8A1AA5539200C63583 /* YouZhi */,
				A24E9FA31AA5539200C63583 /* YouZhiTests */,
			);
		};
/* End PBXProject section */

/* Begin PBXResourcesBuildPhase section */
		A24E9F891AA5539200C63583 /* Resources */ = {
			isa = PBXResourcesBuildPhase;
			buildActionMask = 2147483647;
			files = (
				A24E9FBF1AA558D800C63583 /* Home.storyboard in Resources */,
				A24E9FD51AA5717C00C63583 /* KissAssVC.xib in Resources */,
				A24E9F9F1AA5539200C63583 /* LaunchScreen.xib in Resources */,
				A24E9F9C1AA5539200C63583 /* Images.xcassets in Resources */,
				A24E9FE81AA5A86D00C63583 /* WoDiVC.xib in Resources */,
			);
			runOnlyForDeploymentPostprocessing = 0;
		};
		A24E9FA21AA5539200C63583 /* Resources */ = {
			isa = PBXResourcesBuildPhase;
			buildActionMask = 2147483647;
			files = (
			);
			runOnlyForDeploymentPostprocessing = 0;
		};
/* End PBXResourcesBuildPhase section */

/* Begin PBXSourcesBuildPhase section */
		A24E9F871AA5539200C63583 /* Sources */ = {
			isa = PBXSourcesBuildPhase;
			buildActionMask = 2147483647;
			files = (
				A24E9FD41AA5717C00C63583 /* KissAssVC.m in Sources */,
				A24E9F941AA5539200C63583 /* AppDelegate.m in Sources */,
				A24E9FC41AA55BBC00C63583 /* BaseViewController.m in Sources */,
				A24E9FE21AA5A81F00C63583 /* Common.m in Sources */,
				A24E9FB51AA5548700C63583 /* README.md in Sources */,
				A24E9F911AA5539200C63583 /* main.m in Sources */,
				A24E9FBD1AA558C700C63583 /* HomeViewController.m in Sources */,
				A24E9FE71AA5A86D00C63583 /* WoDiVC.m in Sources */,
			);
			runOnlyForDeploymentPostprocessing = 0;
		};
		A24E9FA01AA5539200C63583 /* Sources */ = {
			isa = PBXSourcesBuildPhase;
			buildActionMask = 2147483647;
			files = (
				A24E9FAB1AA5539200C63583 /* YouZhiTests.m in Sources */,
			);
			runOnlyForDeploymentPostprocessing = 0;
		};
/* End PBXSourcesBuildPhase section */

/* Begin PBXTargetDependency section */
		A24E9FA61AA5539200C63583 /* PBXTargetDependency */ = {
			isa = PBXTargetDependency;
			target = A24E9F8A1AA5539200C63583 /* YouZhi */;
			targetProxy = A24E9FA51AA5539200C63583 /* PBXContainerItemProxy */;
		};
/* End PBXTargetDependency section */

/* Begin PBXVariantGroup section */
		A24E9F9D1AA5539200C63583 /* LaunchScreen.xib */ = {
			isa = PBXVariantGroup;
			children = (
				A24E9F9E1AA5539200C63583 /* Base */,
			);
			name = LaunchScreen.xib;
			sourceTree = "<group>";
		};
/* End PBXVariantGroup section */

/* Begin XCBuildConfiguration section */
		A24E9FAC1AA5539200C63583 /* Debug */ = {
			isa = XCBuildConfiguration;
			buildSettings = {
				ALWAYS_SEARCH_USER_PATHS = NO;
				CLANG_CXX_LANGUAGE_STANDARD = "gnu++0x";
				CLANG_CXX_LIBRARY = "libc++";
				CLANG_ENABLE_MODULES = YES;
				CLANG_ENABLE_OBJC_ARC = YES;
				CLANG_WARN_BOOL_CONVERSION = YES;
				CLANG_WARN_CONSTANT_CONVERSION = YES;
				CLANG_WARN_DIRECT_OBJC_ISA_USAGE = YES_ERROR;
				CLANG_WARN_EMPTY_BODY = YES;
				CLANG_WARN_ENUM_CONVERSION = YES;
				CLANG_WARN_INT_CONVERSION = YES;
				CLANG_WARN_OBJC_ROOT_CLASS = YES_ERROR;
				CLANG_WARN_UNREACHABLE_CODE = YES;
				CLANG_WARN__DUPLICATE_METHOD_MATCH = YES;
				"CODE_SIGN_IDENTITY[sdk=iphoneos*]" = "iPhone Developer";
				COPY_PHASE_STRIP = NO;
				ENABLE_STRICT_OBJC_MSGSEND = YES;
				GCC_C_LANGUAGE_STANDARD = gnu99;
				GCC_DYNAMIC_NO_PIC = NO;
				GCC_OPTIMIZATION_LEVEL = 0;
				GCC_PREPROCESSOR_DEFINITIONS = (
					"DEBUG=1",
					"$(inherited)",
				);
				GCC_SYMBOLS_PRIVATE_EXTERN = NO;
				GCC_WARN_64_TO_32_BIT_CONVERSION = YES;
				GCC_WARN_ABOUT_RETURN_TYPE = YES_ERROR;
				GCC_WARN_UNDECLARED_SELECTOR = YES;
				GCC_WARN_UNINITIALIZED_AUTOS = YES_AGGRESSIVE;
				GCC_WARN_UNUSED_FUNCTION = YES;
				GCC_WARN_UNUSED_VARIABLE = YES;
				IPHONEOS_DEPLOYMENT_TARGET = 8.1;
				MTL_ENABLE_DEBUG_INFO = YES;
				ONLY_ACTIVE_ARCH = YES;
				SDKROOT = iphoneos;
				TARGETED_DEVICE_FAMILY = "1,2";
			};
			name = Debug;
		};
		A24E9FAD1AA5539200C63583 /* Release */ = {
			isa = XCBuildConfiguration;
			buildSettings = {
				ALWAYS_SEARCH_USER_PATHS = NO;
				CLANG_CXX_LANGUAGE_STANDARD = "gnu++0x";
				CLANG_CXX_LIBRARY = "libc++";
				CLANG_ENABLE_MODULES = YES;
				CLANG_ENABLE_OBJC_ARC = YES;
				CLANG_WARN_BOOL_CONVERSION = YES;
				CLANG_WARN_CONSTANT_CONVERSION = YES;
				CLANG_WARN_DIRECT_OBJC_ISA_USAGE = YES_ERROR;
				CLANG_WARN_EMPTY_BODY = YES;
				CLANG_WARN_ENUM_CONVERSION = YES;
				CLANG_WARN_INT_CONVERSION = YES;
				CLANG_WARN_OBJC_ROOT_CLASS = YES_ERROR;
				CLANG_WARN_UNREACHABLE_CODE = YES;
				CLANG_WARN__DUPLICATE_METHOD_MATCH = YES;
				"CODE_SIGN_IDENTITY[sdk=iphoneos*]" = "iPhone Developer";
				COPY_PHASE_STRIP = YES;
				ENABLE_NS_ASSERTIONS = NO;
				ENABLE_STRICT_OBJC_MSGSEND = YES;
				GCC_C_LANGUAGE_STANDARD = gnu99;
				GCC_WARN_64_TO_32_BIT_CONVERSION = YES;
				GCC_WARN_ABOUT_RETURN_TYPE = YES_ERROR;
				GCC_WARN_UNDECLARED_SELECTOR = YES;
				GCC_WARN_UNINITIALIZED_AUTOS = YES_AGGRESSIVE;
				GCC_WARN_UNUSED_FUNCTION = YES;
				GCC_WARN_UNUSED_VARIABLE = YES;
				IPHONEOS_DEPLOYMENT_TARGET = 8.1;
				MTL_ENABLE_DEBUG_INFO = NO;
				SDKROOT = iphoneos;
				TARGETED_DEVICE_FAMILY = "1,2";
				VALIDATE_PRODUCT = YES;
			};
			name = Release;
		};
		A24E9FAF1AA5539200C63583 /* Debug */ = {
			isa = XCBuildConfiguration;
			buildSettings = {
				ASSETCATALOG_COMPILER_APPICON_NAME = AppIcon;
				INFOPLIST_FILE = YouZhi/Info.plist;
				IPHONEOS_DEPLOYMENT_TARGET = 7.0;
				LD_RUNPATH_SEARCH_PATHS = "$(inherited) @executable_path/Frameworks";
				PRODUCT_NAME = "$(TARGET_NAME)";
			};
			name = Debug;
		};
		A24E9FB01AA5539200C63583 /* Release */ = {
			isa = XCBuildConfiguration;
			buildSettings = {
				ASSETCATALOG_COMPILER_APPICON_NAME = AppIcon;
				INFOPLIST_FILE = YouZhi/Info.plist;
				IPHONEOS_DEPLOYMENT_TARGET = 7.0;
				LD_RUNPATH_SEARCH_PATHS = "$(inherited) @executable_path/Frameworks";
				PRODUCT_NAME = "$(TARGET_NAME)";
			};
			name = Release;
		};
		A24E9FB21AA5539200C63583 /* Debug */ = {
			isa = XCBuildConfiguration;
			buildSettings = {
				BUNDLE_LOADER = "$(TEST_HOST)";
				FRAMEWORK_SEARCH_PATHS = (
					"$(SDKROOT)/Developer/Library/Frameworks",
					"$(inherited)",
				);
				GCC_PREPROCESSOR_DEFINITIONS = (
					"DEBUG=1",
					"$(inherited)",
				);
				INFOPLIST_FILE = YouZhiTests/Info.plist;
				LD_RUNPATH_SEARCH_PATHS = "$(inherited) @executable_path/Frameworks @loader_path/Frameworks";
				PRODUCT_NAME = "$(TARGET_NAME)";
				TEST_HOST = "$(BUILT_PRODUCTS_DIR)/YouZhi.app/YouZhi";
			};
			name = Debug;
		};
		A24E9FB31AA5539200C63583 /* Release */ = {
			isa = XCBuildConfiguration;
			buildSettings = {
				BUNDLE_LOADER = "$(TEST_HOST)";
				FRAMEWORK_SEARCH_PATHS = (
					"$(SDKROOT)/Developer/Library/Frameworks",
					"$(inherited)",
				);
				INFOPLIST_FILE = YouZhiTests/Info.plist;
				LD_RUNPATH_SEARCH_PATHS = "$(inherited) @executable_path/Frameworks @loader_path/Frameworks";
				PRODUCT_NAME = "$(TARGET_NAME)";
				TEST_HOST = "$(BUILT_PRODUCTS_DIR)/YouZhi.app/YouZhi";
			};
			name = Release;
		};
/* End XCBuildConfiguration section */

/* Begin XCConfigurationList section */
		A24E9F861AA5539200C63583 /* Build configuration list for PBXProject "YouZhi" */ = {
			isa = XCConfigurationList;
			buildConfigurations = (
				A24E9FAC1AA5539200C63583 /* Debug */,
				A24E9FAD1AA5539200C63583 /* Release */,
			);
			defaultConfigurationIsVisible = 0;
			defaultConfigurationName = Release;
		};
		A24E9FAE1AA5539200C63583 /* Build configuration list for PBXNativeTarget "YouZhi" */ = {
			isa = XCConfigurationList;
			buildConfigurations = (
				A24E9FAF1AA5539200C63583 /* Debug */,
				A24E9FB01AA5539200C63583 /* Release */,
			);
			defaultConfigurationIsVisible = 0;
			defaultConfigurationName = Release;
		};
		A24E9FB11AA5539200C63583 /* Build configuration list for PBXNativeTarget "YouZhiTests" */ = {
			isa = XCConfigurationList;
			buildConfigurations = (
				A24E9FB21AA5539200C63583 /* Debug */,
				A24E9FB31AA5539200C63583 /* Release */,
			);
			defaultConfigurationIsVisible = 0;
			defaultConfigurationName = Release;
		};
/* End XCConfigurationList section */
	};
	rootObject = A24E9F831AA5539200C63583 /* Project object */;
}
